<Solution>
  <Project Path="AssetManagement.Core/AssetManagement.Core.csproj" />
  <Project Path="AssetManagement.Infrastructure/AssetManagement.Infrastructure.csproj" />
  <Project Path="AssetManagement.Service/AssetManagement.Service.csproj" />
  <Project Path="AssetManagement.Web/AssetManagement.Web.csproj" />
</Solution>
